Analyses/variants/illumina/X_nanopore_runs1234_stats.txt
Analyses/variants/illumina/structural_variants/X_nanopore_runs1234_stats.txt
Analyses/variants/illumina/X_nanopore_runs1234.vcf
Analyses/variants/nanopore/X_nanopore_runs1234.vcf
Analyses/variants/illumina/structural_variants/X_nanopore_runs1234_sv.vcf
Analyses/variants/nanopore/structural_variants/X_nanopore_runs1234_sv.vcf
Data/Lablab_ref/Lablab_purpureus_147D_AOCC.fa
Data/Lablab_ref/isaac_147D_flye2.7_hypo-polished_assembly_2020.fa
Analyses/minimap2_mapping/illumina/X_nanopore_runs1234_mapped_sorted.bam
Analyses/minimap2_mapping/nanopore/X_nanopore_runs1234_mapped_sorted.bam
Analyses/ngmlr_mapping/illumina/X_nanopore_runs1234_ngmlr_mapped_sorted.bam
Analyses/ngmlr_mapping/nanopore/X_nanopore_runs1234_ngmlr_mapped_sorted.bam
Data/Lablab_ref/Lablab_purpureus_147D_AOCC.fa
Data/Lablab_ref/isaac_147D_flye2.7_hypo-polished_assembly_2020.fa
Analyses/minimap2_mapping/illumina/X_nanopore_runs1234_mapped.sam
Analyses/minimap2_mapping/nanopore/X_nanopore_runs1234_mapped.sam
Data/Lablab_ref/Lablab_purpureus_147D_AOCC.fa
Data/Lablab_ref/isaac_147D_flye2.7_hypo-polished_assembly_2020.fa
Analyses/ngmlr_mapping/illumina/X_nanopore_runs1234_ngmlr_mapped.sam
Analyses/ngmlr_mapping/nanopore/X_nanopore_runs1234_ngmlr_mapped.sam
Data/Lablab_ref/Lablab_purpureus_147D_AOCC.fa
Data/Lablab_ref/isaac_147D_flye2.7_hypo-polished_assembly_2020.fa
Analyses/trimmed_reads/X_nanopore_runs1234_trimmed.fastq
Data/Lablab_ref/Lablab_purpureus_147D_AOCC.fa
Data/Lablab_ref/isaac_147D_flye2.7_hypo-polished_assembly_2020.fa
Analyses/trimmed_reads/X_nanopore_runs1234_trimmed.fastq
Analyses/nanoqc_logs/X_nanopore_runs1234_NanoQC.log
Data/X_nanopore_runs1234.fastq
Data/X_nanopore_runs1234.fastq
