Analyses/variants/illumina/X_nanopore_runs1234_stats.txt
Analyses/variants/nanopore/X_nanopore_runs1234_stats.txt
Analyses/variants/illumina/structural_variants/X_nanopore_runs1234_stats.txt
Analyses/variants/nanopore/structural_variants/X_nanopore_runs1234_stats.txt
Analyses/variants/illumina/structural_variants/X_nanopore_runs1234_sv.vcf
Analyses/variants/nanopore/structural_variants/X_nanopore_runs1234_sv.vcf
Analyses/variants/illumina/X_nanopore_runs1234.vcf
Analyses/variants/nanopore/X_nanopore_runs1234.vcf
Analyses/ngmlr_mapping/illumina/X_nanopore_runs1234_ngmlr_mapped_sorted.bam
Analyses/ngmlr_mapping/nanopore/X_nanopore_runs1234_ngmlr_mapped_sorted.bam
Analyses/minimap2_mapping/illumina/X_nanopore_runs1234_mapped_sorted.bam
Analyses/minimap2_mapping/nanopore/X_nanopore_runs1234_mapped_sorted.bam
Analyses/ngmlr_mapping/illumina/X_nanopore_runs1234_ngmlr_mapped.sam
Analyses/ngmlr_mapping/nanopore/X_nanopore_runs1234_ngmlr_mapped.sam
Analyses/minimap2_mapping/illumina/X_nanopore_runs1234_mapped.sam
Analyses/minimap2_mapping/nanopore/X_nanopore_runs1234_mapped.sam
Analyses/trimmed_reads/X_nanopore_runs1234_trimmed.fastq
Analyses/nanoqc_report/X_nanopore_runs1234
Analyses/nanoqc_logs/X_nanopore_runs1234_NanoQC.log
